Microsoft Visual Studio Solution File, Format Version 12.00
# Visual Studio Version 17
VisualStudioVersion = 17.5.2.0
MinimumVisualStudioVersion = 10.0.40219.1
Project("{FAE04EC0-301F-11D3-BF4B-00C04F79EFBC}") = "StreamSideResearch", "StreamSideResearch.csproj", "{474CF33A-741C-053D-BC3D-03389E6860B0}"
EndProject
Global
	GlobalSection(SolutionConfigurationPlatforms) = preSolution
		Debug|Any CPU = Debug|Any CPU
		Release|Any CPU = Release|Any CPU
	EndGlobalSection
	GlobalSection(ProjectConfigurationPlatforms) = postSolution
		{474CF33A-741C-053D-BC3D-03389E6860B0}.Debug|Any CPU.ActiveCfg = Debug|Any CPU
		{474CF33A-741C-053D-BC3D-03389E6860B0}.Debug|Any CPU.Build.0 = Debug|Any CPU
		{474CF33A-741C-053D-BC3D-03389E6860B0}.Release|Any CPU.ActiveCfg = Release|Any CPU
		{474CF33A-741C-053D-BC3D-03389E6860B0}.Release|Any CPU.Build.0 = Release|Any CPU
	EndGlobalSection
	GlobalSection(SolutionProperties) = preSolution
		HideSolutionNode = FALSE
	EndGlobalSection
	GlobalSection(ExtensibilityGlobals) = postSolution
		SolutionGuid = {1C01C6B7-9057-4DEB-867A-B96DB96D917C}
	EndGlobalSection
EndGlobal
